
Microsoft Visual Studio Solution File, Format Version 12.00
# Visual Studio 15
VisualStudioVersion = 15.0.28307.572
MinimumVisualStudioVersion = 10.0.40219.1
Project("{FAE04EC0-301F-11D3-BF4B-00C04F79EFBC}") = "Bobik", "Bobik\Bobik.csproj", "{B7C34A0C-8C98-4E06-9BCA-52E8DEF43364}"
EndProject
Global
	GlobalSection(SolutionConfigurationPlatforms) = preSolution
		Debug|x86 = Debug|x86
		Release|x86 = Release|x86
	EndGlobalSection
	GlobalSection(ProjectConfigurationPlatforms) = postSolution
		{B7C34A0C-8C98-4E06-9BCA-52E8DEF43364}.Debug|x86.ActiveCfg = Debug|x86
		{B7C34A0C-8C98-4E06-9BCA-52E8DEF43364}.Debug|x86.Build.0 = Debug|x86
		{B7C34A0C-8C98-4E06-9BCA-52E8DEF43364}.Release|x86.ActiveCfg = Release|x86
		{B7C34A0C-8C98-4E06-9BCA-52E8DEF43364}.Release|x86.Build.0 = Release|x86
	EndGlobalSection
	GlobalSection(SolutionProperties) = preSolution
		HideSolutionNode = FALSE
	EndGlobalSection
	GlobalSection(ExtensibilityGlobals) = postSolution
		SolutionGuid = {796EBF82-1BB6-495A-95C6-681F3AABBF56}
	EndGlobalSection
EndGlobal
